<?xml version="1.0" encoding="utf-8"?>
<Project ToolsVersion="4.0" xmlns="http://schemas.microsoft.com/developer/msbuild/2003">
  <ItemGroup>
    <Filter Include="源文件">
      <UniqueIdentifier>{4FC737F1-C7A5-4376-A066-2A32D752A2FF}</UniqueIdentifier>
      <Extensions>cpp;c;cc;cxx;def;odl;idl;hpj;bat;asm;asmx</Extensions>
    </Filter>
    <Filter Include="头文件">
      <UniqueIdentifier>{93995380-89BD-4b04-88EB-625FBE52EBFB}</UniqueIdentifier>
      <Extensions>h;hpp;hxx;hm;inl;inc;xsd</Extensions>
    </Filter>
    <Filter Include="资源文件">
      <UniqueIdentifier>{67DA6AB6-F800-4c08-8B7A-83BB121AAD01}</UniqueIdentifier>
      <Extensions>rc;ico;cur;bmp;dlg;rc2;rct;bin;rgs;gif;jpg;jpeg;jpe;resx;tiff;tif;png;wav;mfcribbon-ms</Extensions>
    </Filter>
  </ItemGroup>
  <ItemGroup>
    <None Include="ReadMe.txt" />
    <None Include="res\SeGeneralModule.rc2">
      <Filter>资源文件</Filter>
    </None>
    <None Include="SeGeneralModule.def">
      <Filter>源文件</Filter>
    </None>
    <None Include="res\cursor.window.move_c_32x32.cur">
      <Filter>资源文件</Filter>
    </None>
    <None Include="POINTER.cur">
      <Filter>资源文件</Filter>
    </None>
    <None Include="res\imageview.ico">
      <Filter>资源文件</Filter>
    </None>
    <None Include="res\light.png">
      <Filter>资源文件</Filter>
    </None>
  </ItemGroup>
  <ItemGroup>
    <ResourceCompile Include="SeGeneralModule.rc">
      <Filter>资源文件</Filter>
    </ResourceCompile>
  </ItemGroup>
  <ItemGroup>
    <ClInclude Include="resource.h">
      <Filter>头文件</Filter>
    </ClInclude>
    <ClInclude Include="Se3DPropertityDlg.h">
      <Filter>头文件</Filter>
    </ClInclude>
    <ClInclude Include="Se3DView.h">
      <Filter>头文件</Filter>
    </ClInclude>
    <ClInclude Include="SeBooleanDlg.h">
      <Filter>头文件</Filter>
    </ClInclude>
    <ClInclude Include="SeGeneralModule.h">
      <Filter>头文件</Filter>
    </ClInclude>
    <ClInclude Include="SeGeneralModuleCtrlDlg.h">
      <Filter>头文件</Filter>
    </ClInclude>
    <ClInclude Include="SeGeneralModuleDlg.h">
      <Filter>头文件</Filter>
    </ClInclude>
    <ClInclude Include="SeGeneralMouseTool.h">
      <Filter>头文件</Filter>
    </ClInclude>
    <ClInclude Include="SeMorphologyDlg.h">
      <Filter>头文件</Filter>
    </ClInclude>
    <ClInclude Include="SeMPRView.h">
      <Filter>头文件</Filter>
    </ClInclude>
    <ClInclude Include="SeNewMaskDlg.h">
      <Filter>头文件</Filter>
    </ClInclude>
    <ClInclude Include="SeNewVolumeObjectDlg.h">
      <Filter>头文件</Filter>
    </ClInclude>
    <ClInclude Include="SeROIData.h">
      <Filter>头文件</Filter>
    </ClInclude>
    <ClInclude Include="SeROIEditDlg.h">
      <Filter>头文件</Filter>
    </ClInclude>
    <ClInclude Include="stdafx.h">
      <Filter>头文件</Filter>
    </ClInclude>
    <ClInclude Include="targetver.h">
      <Filter>头文件</Filter>
    </ClInclude>
    <ClInclude Include="GeneralSwapData.h">
      <Filter>头文件</Filter>
    </ClInclude>
    <ClInclude Include="SeTransFuncDlg.h">
      <Filter>头文件</Filter>
    </ClInclude>
    <ClInclude Include="SeFreeCutDlg.h">
      <Filter>头文件</Filter>
    </ClInclude>
    <ClInclude Include="SeTranslateDlg.h">
      <Filter>头文件</Filter>
    </ClInclude>
    <ClInclude Include="Measurement.h">
      <Filter>头文件</Filter>
    </ClInclude>
    <ClInclude Include="SeResultDlg.h">
      <Filter>头文件</Filter>
    </ClInclude>
    <ClInclude Include="SeLightDlg.h">
      <Filter>头文件</Filter>
    </ClInclude>
    <ClInclude Include="SeMovieDlg.h">
      <Filter>头文件</Filter>
    </ClInclude>
    <ClInclude Include="SePicture.h">
      <Filter>头文件</Filter>
    </ClInclude>
  </ItemGroup>
  <ItemGroup>
    <ClCompile Include="dllmain.cpp">
      <Filter>源文件</Filter>
    </ClCompile>
    <ClCompile Include="Se3DPropertityDlg.cpp">
      <Filter>源文件</Filter>
    </ClCompile>
    <ClCompile Include="Se3DView.cpp">
      <Filter>源文件</Filter>
    </ClCompile>
    <ClCompile Include="SeBooleanDlg.cpp">
      <Filter>源文件</Filter>
    </ClCompile>
    <ClCompile Include="SeGeneralModule.cpp">
      <Filter>源文件</Filter>
    </ClCompile>
    <ClCompile Include="SeGeneralModuleCtrlDlg.cpp">
      <Filter>源文件</Filter>
    </ClCompile>
    <ClCompile Include="SeGeneralModuleDlg.cpp">
      <Filter>源文件</Filter>
    </ClCompile>
    <ClCompile Include="SeGeneralMouseTool.cpp">
      <Filter>源文件</Filter>
    </ClCompile>
    <ClCompile Include="SeGeneralSwapData.cpp">
      <Filter>源文件</Filter>
    </ClCompile>
    <ClCompile Include="SeMorphologyDlg.cpp">
      <Filter>源文件</Filter>
    </ClCompile>
    <ClCompile Include="SeMPRView.cpp">
      <Filter>源文件</Filter>
    </ClCompile>
    <ClCompile Include="SeNewMaskDlg.cpp">
      <Filter>源文件</Filter>
    </ClCompile>
    <ClCompile Include="SeNewVolumeObjectDlg.cpp">
      <Filter>源文件</Filter>
    </ClCompile>
    <ClCompile Include="SeROIData.cpp">
      <Filter>源文件</Filter>
    </ClCompile>
    <ClCompile Include="SeROIEditDlg.cpp">
      <Filter>源文件</Filter>
    </ClCompile>
    <ClCompile Include="stdafx.cpp">
      <Filter>源文件</Filter>
    </ClCompile>
    <ClCompile Include="SeTransFuncDlg.cpp">
      <Filter>源文件</Filter>
    </ClCompile>
    <ClCompile Include="SeFreeCutDlg.cpp">
      <Filter>源文件</Filter>
    </ClCompile>
    <ClCompile Include="SeTranslateDlg.cpp">
      <Filter>源文件</Filter>
    </ClCompile>
    <ClCompile Include="Measurement.cpp">
      <Filter>源文件</Filter>
    </ClCompile>
    <ClCompile Include="SeResultDlg.cpp">
      <Filter>源文件</Filter>
    </ClCompile>
    <ClCompile Include="SeLightDlg.cpp">
      <Filter>源文件</Filter>
    </ClCompile>
    <ClCompile Include="SeMovieDlg.cpp">
      <Filter>源文件</Filter>
    </ClCompile>
    <ClCompile Include="SePicture.cpp">
      <Filter>源文件</Filter>
    </ClCompile>
  </ItemGroup>
</Project>